
# THIS IS AN AUTOGENERATED FILE. DO NOT EDIT THIS FILE DIRECTLY.
# yarn lockfile v1


"@babel/code-frame@^7.0.0", "@babel/code-frame@^7.5.5":
  version "7.5.5"
  resolved "https://registry.yarnpkg.com/@babel/code-frame/-/code-frame-7.5.5.tgz#bc0782f6d69f7b7d49531219699b988f669a8f9d"
  integrity sha512-27d4lZoomVyo51VegxI20xZPuSHusqbQag/ztrBC7wegWoQ1nLREPVSKSW8byhTlzTKyNE4ifaTA6lCp7JjpFw==
  dependencies:
    "@babel/highlight" "^7.0.0"

"@babel/core@^7.1.0":
  version "7.7.2"
  resolved "https://registry.yarnpkg.com/@babel/core/-/core-7.7.2.tgz#ea5b99693bcfc058116f42fa1dd54da412b29d91"
  integrity sha512-eeD7VEZKfhK1KUXGiyPFettgF3m513f8FoBSWiQ1xTvl1RAopLs42Wp9+Ze911I6H0N9lNqJMDgoZT7gHsipeQ==
  dependencies:
    "@babel/code-frame" "^7.5.5"
    "@babel/generator" "^7.7.2"
    "@babel/helpers" "^7.7.0"
    "@babel/parser" "^7.7.2"
    "@babel/template" "^7.7.0"
    "@babel/traverse" "^7.7.2"
    "@babel/types" "^7.7.2"
    convert-source-map "^1.7.0"
    debug "^4.1.0"
    json5 "^2.1.0"
    lodash "^4.17.13"
    resolve "^1.3.2"
    semver "^5.4.1"
    source-map "^0.5.0"

"@babel/generator@^7.4.0", "@babel/generator@^7.7.2":
  version "7.7.2"
  resolved "https://registry.yarnpkg.com/@babel/generator/-/generator-7.7.2.tgz#2f4852d04131a5e17ea4f6645488b5da66ebf3af"
  integrity sha512-WthSArvAjYLz4TcbKOi88me+KmDJdKSlfwwN8CnUYn9jBkzhq0ZEPuBfkAWIvjJ3AdEV1Cf/+eSQTnp3IDJKlQ==
  dependencies:
    "@babel/types" "^7.7.2"
    jsesc "^2.5.1"
    lodash "^4.17.13"
    source-map "^0.5.0"

"@babel/helper-function-name@^7.7.0":
  version "7.7.0"
  resolved "https://registry.yarnpkg.com/@babel/helper-function-name/-/helper-function-name-7.7.0.tgz#44a5ad151cfff8ed2599c91682dda2ec2c8430a3"
  integrity sha512-tDsJgMUAP00Ugv8O2aGEua5I2apkaQO7lBGUq1ocwN3G23JE5Dcq0uh3GvFTChPa4b40AWiAsLvCZOA2rdnQ7Q==
  dependencies:
    "@babel/helper-get-function-arity" "^7.7.0"
    "@babel/template" "^7.7.0"
    "@babel/types" "^7.7.0"

"@babel/helper-get-function-arity@^7.7.0":
  version "7.7.0"
  resolved "https://registry.yarnpkg.com/@babel/helper-get-function-arity/-/helper-get-function-arity-7.7.0.tgz#c604886bc97287a1d1398092bc666bc3d7d7aa2d"
  integrity sha512-tLdojOTz4vWcEnHWHCuPN5P85JLZWbm5Fx5ZsMEMPhF3Uoe3O7awrbM2nQ04bDOUToH/2tH/ezKEOR8zEYzqyw==
  dependencies:
    "@babel/types" "^7.7.0"

"@babel/helper-plugin-utils@^7.0.0":
  version "7.0.0"
  resolved "https://registry.yarnpkg.com/@babel/helper-plugin-utils/-/helper-plugin-utils-7.0.0.tgz#bbb3fbee98661c569034237cc03967ba99b4f250"
  integrity sha512-CYAOUCARwExnEixLdB6sDm2dIJ/YgEAKDM1MOeMeZu9Ld/bDgVo8aiWrXwcY7OBh+1Ea2uUcVRcxKk0GJvW7QA==

"@babel/helper-split-export-declaration@^7.7.0":
  version "7.7.0"
  resolved "https://registry.yarnpkg.com/@babel/helper-split-export-declaration/-/helper-split-export-declaration-7.7.0.tgz#1365e74ea6c614deeb56ebffabd71006a0eb2300"
  integrity sha512-HgYSI8rH08neWlAH3CcdkFg9qX9YsZysZI5GD8LjhQib/mM0jGOZOVkoUiiV2Hu978fRtjtsGsW6w0pKHUWtqA==
  dependencies:
    "@babel/types" "^7.7.0"

"@babel/helpers@^7.7.0":
  version "7.7.0"
  resolved "https://registry.yarnpkg.com/@babel/helpers/-/helpers-7.7.0.tgz#359bb5ac3b4726f7c1fde0ec75f64b3f4275d60b"
  integrity sha512-VnNwL4YOhbejHb7x/b5F39Zdg5vIQpUUNzJwx0ww1EcVRt41bbGRZWhAURrfY32T5zTT3qwNOQFWpn+P0i0a2g==
  dependencies:
    "@babel/template" "^7.7.0"
    "@babel/traverse" "^7.7.0"
    "@babel/types" "^7.7.0"

"@babel/highlight@^7.0.0":
  version "7.5.0"
  resolved "https://registry.yarnpkg.com/@babel/highlight/-/highlight-7.5.0.tgz#56d11312bd9248fa619591d02472be6e8cb32540"
  integrity sha512-7dV4eu9gBxoM0dAnj/BCFDW9LFU0zvTrkq0ugM7pnHEgguOEeOz1so2ZghEdzviYzQEED0r4EAgpsBChKy1TRQ==
  dependencies:
    chalk "^2.0.0"
    esutils "^2.0.2"
    js-tokens "^4.0.0"

"@babel/parser@^7.1.0", "@babel/parser@^7.4.3", "@babel/parser@^7.7.0", "@babel/parser@^7.7.2":
  version "7.7.3"
  resolved "https://registry.yarnpkg.com/@babel/parser/-/parser-7.7.3.tgz#5fad457c2529de476a248f75b0f090b3060af043"
  integrity sha512-bqv+iCo9i+uLVbI0ILzKkvMorqxouI+GbV13ivcARXn9NNEabi2IEz912IgNpT/60BNXac5dgcfjb94NjsF33A==

"@babel/plugin-syntax-object-rest-spread@^7.0.0":
  version "7.2.0"
  resolved "https://registry.yarnpkg.com/@babel/plugin-syntax-object-rest-spread/-/plugin-syntax-object-rest-spread-7.2.0.tgz#3b7a3e733510c57e820b9142a6579ac8b0dfad2e"
  integrity sha512-t0JKGgqk2We+9may3t0xDdmneaXmyxq0xieYcKHxIsrJO64n1OiMWNUtc5gQK1PA0NpdCRrtZp4z+IUaKugrSA==
  dependencies:
    "@babel/helper-plugin-utils" "^7.0.0"

"@babel/template@^7.4.0", "@babel/template@^7.7.0":
  version "7.7.0"
  resolved "https://registry.yarnpkg.com/@babel/template/-/template-7.7.0.tgz#4fadc1b8e734d97f56de39c77de76f2562e597d0"
  integrity sha512-OKcwSYOW1mhWbnTBgQY5lvg1Fxg+VyfQGjcBduZFljfc044J5iDlnDSfhQ867O17XHiSCxYHUxHg2b7ryitbUQ==
  dependencies:
    "@babel/code-frame" "^7.0.0"
    "@babel/parser" "^7.7.0"
    "@babel/types" "^7.7.0"

"@babel/traverse@^7.1.0", "@babel/traverse@^7.4.3", "@babel/traverse@^7.7.0", "@babel/traverse@^7.7.2":
  version "7.7.2"
  resolved "https://registry.yarnpkg.com/@babel/traverse/-/traverse-7.7.2.tgz#ef0a65e07a2f3c550967366b3d9b62a2dcbeae09"
  integrity sha512-TM01cXib2+rgIZrGJOLaHV/iZUAxf4A0dt5auY6KNZ+cm6aschuJGqKJM3ROTt3raPUdIDk9siAufIFEleRwtw==
  dependencies:
    "@babel/code-frame" "^7.5.5"
    "@babel/generator" "^7.7.2"
    "@babel/helper-function-name" "^7.7.0"
    "@babel/helper-split-export-declaration" "^7.7.0"
    "@babel/parser" "^7.7.2"
    "@babel/types" "^7.7.2"
    debug "^4.1.0"
    globals "^11.1.0"
    lodash "^4.17.13"

"@babel/types@^7.0.0", "@babel/types@^7.3.0", "@babel/types@^7.4.0", "@babel/types@^7.7.0", "@babel/types@^7.7.2":
  version "7.7.2"
  resolved "https://registry.yarnpkg.com/@babel/types/-/types-7.7.2.tgz#550b82e5571dcd174af576e23f0adba7ffc683f7"
  integrity sha512-YTf6PXoh3+eZgRCBzzP25Bugd2ngmpQVrk7kXX0i5N9BO7TFBtIgZYs7WtxtOGs8e6A4ZI7ECkbBCEHeXocvOA==
  dependencies:
    esutils "^2.0.2"
    lodash "^4.17.13"
    to-fast-properties "^2.0.0"

"@bottender/express@^1.0.0-beta.1":
  version "1.0.0-beta.1"
  resolved "https://registry.yarnpkg.com/@bottender/express/-/express-1.0.0-beta.1.tgz#10cc7b11572b56a987e3ac7eadd3a7755de33c90"
  integrity sha512-eQO7ARCVlbXP2yrgoXuh12IROX0LuIHD/59ggTzfUPXh6x3XrogJSJJA0hn/4m5LOyKb4ur1r3hhFneW0q6j0w==
  dependencies:
    body-parser "^1.19.0"
    express "^4.17.1"
    lodash "^4.17.15"

"@cnakazawa/watch@^1.0.3":
  version "1.0.3"
  resolved "https://registry.yarnpkg.com/@cnakazawa/watch/-/watch-1.0.3.tgz#099139eaec7ebf07a27c1786a3ff64f39464d2ef"
  integrity sha512-r5160ogAvGyHsal38Kux7YYtodEKOj89RGb28ht1jh3SJb08VwRwAKKJL0bGb04Zd/3r9FL3BFIc3bBidYffCA==
  dependencies:
    exec-sh "^0.3.2"
    minimist "^1.2.0"

"@hapi/address@2.x.x":
  version "2.1.2"
  resolved "https://registry.yarnpkg.com/@hapi/address/-/address-2.1.2.tgz#1c794cd6dbf2354d1eb1ef10e0303f573e1c7222"
  integrity sha512-O4QDrx+JoGKZc6aN64L04vqa7e41tIiLU+OvKdcYaEMP97UttL0f9GIi9/0A4WAMx0uBd6SidDIhktZhgOcN8Q==

"@hapi/bourne@1.x.x":
  version "1.3.2"
  resolved "https://registry.yarnpkg.com/@hapi/bourne/-/bourne-1.3.2.tgz#0a7095adea067243ce3283e1b56b8a8f453b242a"
  integrity sha512-1dVNHT76Uu5N3eJNTYcvxee+jzX4Z9lfciqRRHCU27ihbUcYi+iSc2iml5Ke1LXe1SyJCLA0+14Jh4tXJgOppA==

"@hapi/hoek@8.x.x", "@hapi/hoek@^8.3.0":
  version "8.5.0"
  resolved "https://registry.yarnpkg.com/@hapi/hoek/-/hoek-8.5.0.tgz#2f9ce301c8898e1c3248b0a8564696b24d1a9a5a"
  integrity sha512-7XYT10CZfPsH7j9F1Jmg1+d0ezOux2oM2GfArAzLwWe4mE2Dr3hVjsAL6+TFY49RRJlCdJDMw3nJsLFroTc8Kw==

"@hapi/joi@^15.1.1":
  version "15.1.1"
  resolved "https://registry.yarnpkg.com/@hapi/joi/-/joi-15.1.1.tgz#c675b8a71296f02833f8d6d243b34c57b8ce19d7"
  integrity sha512-entf8ZMOK8sc+8YfeOlM8pCfg3b5+WZIKBfUaaJT8UsjAAPjartzxIYm3TIbjvA4u+u++KbcXD38k682nVHDAQ==
  dependencies:
    "@hapi/address" "2.x.x"
    "@hapi/bourne" "1.x.x"
    "@hapi/hoek" "8.x.x"
    "@hapi/topo" "3.x.x"

"@hapi/topo@3.x.x":
  version "3.1.6"
  resolved "https://registry.yarnpkg.com/@hapi/topo/-/topo-3.1.6.tgz#68d935fa3eae7fdd5ab0d7f953f3205d8b2bfc29"
  integrity sha512-tAag0jEcjwH+P2quUfipd7liWCNX2F8NvYjQp2wtInsZxnMlypdw0FtAOLxtvvkO+GSRRbmNi8m/5y42PQJYCQ==
  dependencies:
    "@hapi/hoek" "^8.3.0"

"@jest/console@^24.7.1", "@jest/console@^24.9.0":
  version "24.9.0"
  resolved "https://registry.yarnpkg.com/@jest/console/-/console-24.9.0.tgz#79b1bc06fb74a8cfb01cbdedf945584b1b9707f0"
  integrity sha512-Zuj6b8TnKXi3q4ymac8EQfc3ea/uhLeCGThFqXeC8H9/raaH8ARPUTdId+XyGd03Z4In0/VjD2OYFcBF09fNLQ==
  dependencies:
    "@jest/source-map" "^24.9.0"
    chalk "^2.0.1"
    slash "^2.0.0"

"@jest/core@^24.9.0":
  version "24.9.0"
  resolved "https://registry.yarnpkg.com/@jest/core/-/core-24.9.0.tgz#2ceccd0b93181f9c4850e74f2a9ad43d351369c4"
  integrity sha512-Fogg3s4wlAr1VX7q+rhV9RVnUv5tD7VuWfYy1+whMiWUrvl7U3QJSJyWcDio9Lq2prqYsZaeTv2Rz24pWGkJ2A==
  dependencies:
    "@jest/console" "^24.7.1"
    "@jest/reporters" "^24.9.0"
    "@jest/test-result" "^24.9.0"
    "@jest/transform" "^24.9.0"
    "@jest/types" "^24.9.0"
    ansi-escapes "^3.0.0"
    chalk "^2.0.1"
    exit "^0.1.2"
    graceful-fs "^4.1.15"
    jest-changed-files "^24.9.0"
    jest-config "^24.9.0"
    jest-haste-map "^24.9.0"
    jest-message-util "^24.9.0"
    jest-regex-util "^24.3.0"
    jest-resolve "^24.9.0"
    jest-resolve-dependencies "^24.9.0"
    jest-runner "^24.9.0"
    jest-runtime "^24.9.0"
    jest-snapshot "^24.9.0"
    jest-util "^24.9.0"
    jest-validate "^24.9.0"
    jest-watcher "^24.9.0"
    micromatch "^3.1.10"
    p-each-series "^1.0.0"
    realpath-native "^1.1.0"
    rimraf "^2.5.4"
    slash "^2.0.0"
    strip-ansi "^5.0.0"

"@jest/environment@^24.9.0":
  version "24.9.0"
  resolved "https://registry.yarnpkg.com/@jest/environment/-/environment-24.9.0.tgz#21e3afa2d65c0586cbd6cbefe208bafade44ab18"
  integrity sha512-5A1QluTPhvdIPFYnO3sZC3smkNeXPVELz7ikPbhUj0bQjB07EoE9qtLrem14ZUYWdVayYbsjVwIiL4WBIMV4aQ==
  dependencies:
    "@jest/fake-timers" "^24.9.0"
    "@jest/transform" "^24.9.0"
    "@jest/types" "^24.9.0"
    jest-mock "^24.9.0"

"@jest/fake-timers@^24.9.0":
  version "24.9.0"
  resolved "https://registry.yarnpkg.com/@jest/fake-timers/-/fake-timers-24.9.0.tgz#ba3e6bf0eecd09a636049896434d306636540c93"
  integrity sha512-eWQcNa2YSwzXWIMC5KufBh3oWRIijrQFROsIqt6v/NS9Io/gknw1jsAC9c+ih/RQX4A3O7SeWAhQeN0goKhT9A==
  dependencies:
    "@jest/types" "^24.9.0"
    jest-message-util "^24.9.0"
    jest-mock "^24.9.0"

"@jest/reporters@^24.9.0":
  version "24.9.0"
  resolved "https://registry.yarnpkg.com/@jest/reporters/-/reporters-24.9.0.tgz#86660eff8e2b9661d042a8e98a028b8d631a5b43"
  integrity sha512-mu4X0yjaHrffOsWmVLzitKmmmWSQ3GGuefgNscUSWNiUNcEOSEQk9k3pERKEQVBb0Cnn88+UESIsZEMH3o88Gw==
  dependencies:
    "@jest/environment" "^24.9.0"
    "@jest/test-result" "^24.9.0"
    "@jest/transform" "^24.9.0"
    "@jest/types" "^24.9.0"
    chalk "^2.0.1"
    exit "^0.1.2"
    glob "^7.1.2"
    istanbul-lib-coverage "^2.0.2"
    istanbul-lib-instrument "^3.0.1"
    istanbul-lib-report "^2.0.4"
    istanbul-lib-source-maps "^3.0.1"
    istanbul-reports "^2.2.6"
    jest-haste-map "^24.9.0"
    jest-resolve "^24.9.0"
    jest-runtime "^24.9.0"
    jest-util "^24.9.0"
    jest-worker "^24.6.0"
    node-notifier "^5.4.2"
    slash "^2.0.0"
    source-map "^0.6.0"
    string-length "^2.0.0"

"@jest/source-map@^24.3.0", "@jest/source-map@^24.9.0":
  version "24.9.0"
  resolved "https://registry.yarnpkg.com/@jest/source-map/-/source-map-24.9.0.tgz#0e263a94430be4b41da683ccc1e6bffe2a191714"
  integrity sha512-/Xw7xGlsZb4MJzNDgB7PW5crou5JqWiBQaz6xyPd3ArOg2nfn/PunV8+olXbbEZzNl591o5rWKE9BRDaFAuIBg==
  dependencies:
    callsites "^3.0.0"
    graceful-fs "^4.1.15"
    source-map "^0.6.0"

"@jest/test-result@^24.9.0":
  version "24.9.0"
  resolved "https://registry.yarnpkg.com/@jest/test-result/-/test-result-24.9.0.tgz#11796e8aa9dbf88ea025757b3152595ad06ba0ca"
  integrity sha512-XEFrHbBonBJ8dGp2JmF8kP/nQI/ImPpygKHwQ/SY+es59Z3L5PI4Qb9TQQMAEeYsThG1xF0k6tmG0tIKATNiiA==
  dependencies:
    "@jest/console" "^24.9.0"
    "@jest/types" "^24.9.0"
    "@types/istanbul-lib-coverage" "^2.0.0"

"@jest/test-sequencer@^24.9.0":
  version "24.9.0"
  resolved "https://registry.yarnpkg.com/@jest/test-sequencer/-/test-sequencer-24.9.0.tgz#f8f334f35b625a4f2f355f2fe7e6036dad2e6b31"
  integrity sha512-6qqsU4o0kW1dvA95qfNog8v8gkRN9ph6Lz7r96IvZpHdNipP2cBcb07J1Z45mz/VIS01OHJ3pY8T5fUY38tg4A==
  dependencies:
    "@jest/test-result" "^24.9.0"
    jest-haste-map "^24.9.0"
    jest-runner "^24.9.0"
    jest-runtime "^24.9.0"

"@jest/transform@^24.9.0":
  version "24.9.0"
  resolved "https://registry.yarnpkg.com/@jest/transform/-/transform-24.9.0.tgz#4ae2768b296553fadab09e9ec119543c90b16c56"
  integrity sha512-TcQUmyNRxV94S0QpMOnZl0++6RMiqpbH/ZMccFB/amku6Uwvyb1cjYX7xkp5nGNkbX4QPH/FcB6q1HBTHynLmQ==
  dependencies:
    "@babel/core" "^7.1.0"
    "@jest/types" "^24.9.0"
    babel-plugin-istanbul "^5.1.0"
    chalk "^2.0.1"
    convert-source-map "^1.4.0"
    fast-json-stable-stringify "^2.0.0"
    graceful-fs "^4.1.15"
    jest-haste-map "^24.9.0"
    jest-regex-util "^24.9.0"
    jest-util "^24.9.0"
    micromatch "^3.1.10"
    pirates "^4.0.1"
    realpath-native "^1.1.0"
    slash "^2.0.0"
    source-map "^0.6.1"
    write-file-atomic "2.4.1"

"@jest/types@^24.9.0":
  version "24.9.0"
  resolved "https://registry.yarnpkg.com/@jest/types/-/types-24.9.0.tgz#63cb26cb7500d069e5a389441a7c6ab5e909fc59"
  integrity sha512-XKK7ze1apu5JWQ5eZjHITP66AX+QsLlbaJRBGYr8pNzwcAE2JVkwnf0yqjHTsDRcjR0mujy/NmZMXw5kl+kGBw==
  dependencies:
    "@types/istanbul-lib-coverage" "^2.0.0"
    "@types/istanbul-reports" "^1.1.1"
    "@types/yargs" "^13.0.0"

"@sindresorhus/is@^0.14.0":
  version "0.14.0"
  resolved "https://registry.yarnpkg.com/@sindresorhus/is/-/is-0.14.0.tgz#9fb3a3cf3132328151f353de4632e01e52102bea"
  integrity sha512-9NET910DNaIPngYnLLPeg+Ogzqsi9uM4mSboU5y6p8S5DzMTVEsJZrawi+BoDNUVBa2DhJqQYUFvMDfgU062LQ==

"@slack/logger@>=1.0.0 <3.0.0":
  version "2.0.0"
  resolved "https://registry.yarnpkg.com/@slack/logger/-/logger-2.0.0.tgz#6a4e1c755849bc0f66dac08a8be54ce790ec0e6b"
  integrity sha512-OkIJpiU2fz6HOJujhlhfIGrc8hB4ibqtf7nnbJQDerG0BqwZCfmgtK5sWzZ0TkXVRBKD5MpLrTmCYyMxoMCgPw==
  dependencies:
    "@types/node" ">=8.9.0"

"@slack/logger@^1.0.0":
  version "1.1.1"
  resolved "https://registry.yarnpkg.com/@slack/logger/-/logger-1.1.1.tgz#5cb0658abcd2c4ec39ecf04348ba4764b9f68e00"
  integrity sha512-PAC5CMnNAv/FPtJ0le+YD2wUV+tZ7n3Bnjj9dBI+deIcHsExCnQkQmZE79cLvfuYXbz3PWyv5coti30MJQhEjA==
  dependencies:
    "@types/node" ">=8.9.0"

"@slack/rtm-api@^5.0.3":
  version "5.0.3"
  resolved "https://registry.yarnpkg.com/@slack/rtm-api/-/rtm-api-5.0.3.tgz#05b60d1655a05e377d6044dbfdf65602ca6bacf1"
  integrity sha512-rzNIFst8iuVYyHdE7e3KSrbAtIA7sfS4Pth9ObKUm5KDemX0zyI7YfAijO1kgr1EMriQkjlpKBhlNq9Y+aQr6g==
  dependencies:
    "@slack/logger" "^1.0.0"
    "@slack/web-api" "^5.1.0"
    "@types/node" ">=8.9.0"
    "@types/p-queue" "^2.3.2"
    "@types/ws" "^5.1.1"
    eventemitter3 "^3.1.0"
    finity "^0.5.4"
    p-cancelable "^1.1.0"
    p-queue "^2.4.2"
    ws "^5.2.0"

"@slack/types@^1.2.1":
  version "1.2.1"
  resolved "https://registry.yarnpkg.com/@slack/types/-/types-1.2.1.tgz#132d50d02efb452c9a58573964b22f5f18ab9b1a"
  integrity sha512-NyGh7MibW+a0OHkwwOPlv63hC639dzQdkFy4dj0tl4sAdZR4OBaE/OhXixKhCzcT3kJsPXaQmvkUN7sqSf52iA==

"@slack/web-api@^5.1.0":
  version "5.5.0"
  resolved "https://registry.yarnpkg.com/@slack/web-api/-/web-api-5.5.0.tgz#b542f4a3500e79da93fae1a751dc5f8ffab2df14"
  integrity sha512-XBlUXIeWJLnfJakWiWzfpkRaEy7amGXOCWbblHT3ndJ/BIAIcLf1JOvnQOupBT85RC3/8IWKRCrcMDzNNAbxyA==
  dependencies:
    "@slack/logger" ">=1.0.0 <3.0.0"
    "@slack/types" "^1.2.1"
    "@types/is-stream" "^1.1.0"
    "@types/node" ">=8.9.0"
    "@types/p-queue" "^2.3.2"
    axios "^0.18.0"
    eventemitter3 "^3.1.0"
    form-data "^2.5.0"
    is-stream "^1.1.0"
    p-queue "^2.4.2"
    p-retry "^4.0.0"

"@szmarczak/http-timer@^1.1.2":
  version "1.1.2"
  resolved "https://registry.yarnpkg.com/@szmarczak/http-timer/-/http-timer-1.1.2.tgz#b1665e2c461a2cd92f4c1bbf50d5454de0d4b421"
  integrity sha512-XIB2XbzHTN6ieIjfIMV9hlVcfPU26s2vafYWQcZHWXHOxiaRZYEDKEwdl129Zyg50+foYV2jCgtrqSA6qNuNSA==
  dependencies:
    defer-to-connect "^1.0.1"

"@types/babel__core@^7.1.0":
  version "7.1.3"
  resolved "https://registry.yarnpkg.com/@types/babel__core/-/babel__core-7.1.3.tgz#e441ea7df63cd080dfcd02ab199e6d16a735fc30"
  integrity sha512-8fBo0UR2CcwWxeX7WIIgJ7lXjasFxoYgRnFHUj+hRvKkpiBJbxhdAPTCY6/ZKM0uxANFVzt4yObSLuTiTnazDA==
  dependencies:
    "@babel/parser" "^7.1.0"
    "@babel/types" "^7.0.0"
    "@types/babel__generator" "*"
    "@types/babel__template" "*"
    "@types/babel__traverse" "*"

"@types/babel__generator@*":
  version "7.6.0"
  resolved "https://registry.yarnpkg.com/@types/babel__generator/-/babel__generator-7.6.0.tgz#f1ec1c104d1bb463556ecb724018ab788d0c172a"
  integrity sha512-c1mZUu4up5cp9KROs/QAw0gTeHrw/x7m52LcnvMxxOZ03DmLwPV0MlGmlgzV3cnSdjhJOZsj7E7FHeioai+egw==
  dependencies:
    "@babel/types" "^7.0.0"

"@types/babel__template@*":
  version "7.0.2"
  resolved "https://registry.yarnpkg.com/@types/babel__template/-/babel__template-7.0.2.tgz#4ff63d6b52eddac1de7b975a5223ed32ecea9307"
  integrity sha512-/K6zCpeW7Imzgab2bLkLEbz0+1JlFSrUMdw7KoIIu+IUdu51GWaBZpd3y1VXGVXzynvGa4DaIaxNZHiON3GXUg==
  dependencies:
    "@babel/parser" "^7.1.0"
    "@babel/types" "^7.0.0"

"@types/babel__traverse@*", "@types/babel__traverse@^7.0.6":
  version "7.0.7"
  resolved "https://registry.yarnpkg.com/@types/babel__traverse/-/babel__traverse-7.0.7.tgz#2496e9ff56196cc1429c72034e07eab6121b6f3f"
  integrity sha512-CeBpmX1J8kWLcDEnI3Cl2Eo6RfbGvzUctA+CjZUhOKDFbLfcr7fc4usEqLNWetrlJd7RhAkyYe2czXop4fICpw==
  dependencies:
    "@babel/types" "^7.3.0"

"@types/caseless@*":
  version "0.12.2"
  resolved "https://registry.yarnpkg.com/@types/caseless/-/caseless-0.12.2.tgz#f65d3d6389e01eeb458bd54dc8f52b95a9463bc8"
  integrity sha512-6ckxMjBBD8URvjB6J3NcnuAn5Pkl7t3TizAg+xdlzzQGSPSmBcXf8KoIH0ua/i+tio+ZRUHEXp0HEmvaR4kt0w==

"@types/events@*":
  version "3.0.0"
  resolved "https://registry.yarnpkg.com/@types/events/-/events-3.0.0.tgz#2862f3f58a9a7f7c3e78d79f130dd4d71c25c2a7"
  integrity sha512-EaObqwIvayI5a8dCzhFrjKzVwKLxjoG9T6Ppd5CEo07LRKfQ8Yokw54r5+Wq7FaBQ+yXRvQAYPrHwya1/UFt9g==

"@types/is-stream@^1.1.0":
  version "1.1.0"
  resolved "https://registry.yarnpkg.com/@types/is-stream/-/is-stream-1.1.0.tgz#b84d7bb207a210f2af9bed431dc0fbe9c4143be1"
  integrity sha512-jkZatu4QVbR60mpIzjINmtS1ZF4a/FqdTUTBeQDVOQ2PYyidtwFKr0B5G6ERukKwliq+7mIXvxyppwzG5EgRYg==
  dependencies:
    "@types/node" "*"

"@types/istanbul-lib-coverage@*", "@types/istanbul-lib-coverage@^2.0.0":
  version "2.0.1"
  resolved "https://registry.yarnpkg.com/@types/istanbul-lib-coverage/-/istanbul-lib-coverage-2.0.1.tgz#42995b446db9a48a11a07ec083499a860e9138ff"
  integrity sha512-hRJD2ahnnpLgsj6KWMYSrmXkM3rm2Dl1qkx6IOFD5FnuNPXJIG5L0dhgKXCYTRMGzU4n0wImQ/xfmRc4POUFlg==

"@types/istanbul-lib-report@*":
  version "1.1.1"
  resolved "https://registry.yarnpkg.com/@types/istanbul-lib-report/-/istanbul-lib-report-1.1.1.tgz#e5471e7fa33c61358dd38426189c037a58433b8c"
  integrity sha512-3BUTyMzbZa2DtDI2BkERNC6jJw2Mr2Y0oGI7mRxYNBPxppbtEK1F66u3bKwU2g+wxwWI7PAoRpJnOY1grJqzHg==
  dependencies:
    "@types/istanbul-lib-coverage" "*"

"@types/istanbul-reports@^1.1.1":
  version "1.1.1"
  resolved "https://registry.yarnpkg.com/@types/istanbul-reports/-/istanbul-reports-1.1.1.tgz#7a8cbf6a406f36c8add871625b278eaf0b0d255a"
  integrity sha512-UpYjBi8xefVChsCoBpKShdxTllC9pwISirfoZsUa2AAdQg/Jd2KQGtSbw+ya7GPo7x/wAPlH6JBhKhAsXUEZNA==
  dependencies:
    "@types/istanbul-lib-coverage" "*"
    "@types/istanbul-lib-report" "*"

"@types/node@*", "@types/node@>=8.9.0":
  version "12.12.7"
  resolved "https://registry.yarnpkg.com/@types/node/-/node-12.12.7.tgz#01e4ea724d9e3bd50d90c11fd5980ba317d8fa11"
  integrity sha512-E6Zn0rffhgd130zbCbAr/JdXfXkoOUFAKNs/rF8qnafSJ8KYaA/j3oz7dcwal+lYjLA7xvdd5J4wdYpCTlP8+w==

"@types/node@^8.10.50":
  version "8.10.59"
  resolved "https://registry.yarnpkg.com/@types/node/-/node-8.10.59.tgz#9e34261f30183f9777017a13d185dfac6b899e04"
  integrity sha512-8RkBivJrDCyPpBXhVZcjh7cQxVBSmRk9QM7hOketZzp6Tg79c0N8kkpAIito9bnJ3HCVCHVYz+KHTEbfQNfeVQ==

"@types/p-queue@^2.3.2":
  version "2.3.2"
  resolved "https://registry.yarnpkg.com/@types/p-queue/-/p-queue-2.3.2.tgz#16bc5fece69ef85efaf2bce8b13f3ebe39c5a1c8"
  integrity sha512-eKAv5Ql6k78dh3ULCsSBxX6bFNuGjTmof5Q/T6PiECDq0Yf8IIn46jCyp3RJvCi8owaEmm3DZH1PEImjBMd/vQ==

"@types/request@^2.48.2":
  version "2.48.3"
  resolved "https://registry.yarnpkg.com/@types/request/-/request-2.48.3.tgz#970b8ed2317568c390361d29c555a95e74bd6135"
  integrity sha512-3Wo2jNYwqgXcIz/rrq18AdOZUQB8cQ34CXZo+LUwPJNpvRAL86+Kc2wwI8mqpz9Cr1V+enIox5v+WZhy/p3h8w==
  dependencies:
    "@types/caseless" "*"
    "@types/node" "*"
    "@types/tough-cookie" "*"
    form-data "^2.5.0"

"@types/retry@^0.12.0":
  version "0.12.0"
  resolved "https://registry.yarnpkg.com/@types/retry/-/retry-0.12.0.tgz#2b35eccfcee7d38cd72ad99232fbd58bffb3c84d"
  integrity sha512-wWKOClTTiizcZhXnPY4wikVAwmdYHp8q6DmC+EJUzAMsycb7HB32Kh9RN4+0gExjmPmZSAQjgURXIGATPegAvA==

"@types/stack-utils@^1.0.1":
  version "1.0.1"
  resolved "https://registry.yarnpkg.com/@types/stack-utils/-/stack-utils-1.0.1.tgz#0a851d3bd96498fa25c33ab7278ed3bd65f06c3e"
  integrity sha512-l42BggppR6zLmpfU6fq9HEa2oGPEI8yrSPL3GITjfRInppYFahObbIQOQK3UGxEnyQpltZLaPe75046NOZQikw==

"@types/tough-cookie@*":
  version "2.3.5"
  resolved "https://registry.yarnpkg.com/@types/tough-cookie/-/tough-cookie-2.3.5.tgz#9da44ed75571999b65c37b60c9b2b88db54c585d"
  integrity sha512-SCcK7mvGi3+ZNz833RRjFIxrn4gI1PPR3NtuIS+6vMkvmsGjosqTJwRt5bAEFLRz+wtJMWv8+uOnZf2hi2QXTg==

"@types/ws@^5.1.1":
  version "5.1.2"
  resolved "https://registry.yarnpkg.com/@types/ws/-/ws-5.1.2.tgz#f02d3b1cd46db7686734f3ce83bdf46c49decd64"
  integrity sha512-NkTXUKTYdXdnPE2aUUbGOXE1XfMK527SCvU/9bj86kyFF6kZ9ZnOQ3mK5jADn98Y2vEUD/7wKDgZa7Qst2wYOg==
  dependencies:
    "@types/events" "*"
    "@types/node" "*"

"@types/yargs-parser@*":
  version "13.1.0"
  resolved "https://registry.yarnpkg.com/@types/yargs-parser/-/yargs-parser-13.1.0.tgz#c563aa192f39350a1d18da36c5a8da382bbd8228"
  integrity sha512-gCubfBUZ6KxzoibJ+SCUc/57Ms1jz5NjHe4+dI2krNmU5zCPAphyLJYyTOg06ueIyfj+SaCUqmzun7ImlxDcKg==

"@types/yargs@^13.0.0":
  version "13.0.3"
  resolved "https://registry.yarnpkg.com/@types/yargs/-/yargs-13.0.3.tgz#76482af3981d4412d65371a318f992d33464a380"
  integrity sha512-K8/LfZq2duW33XW/tFwEAfnZlqIfVsoyRB3kfXdPXYhl0nfM8mmh7GS0jg7WrX2Dgq/0Ha/pR1PaR+BvmWwjiQ==
  dependencies:
    "@types/yargs-parser" "*"

abab@^2.0.0:
  version "2.0.3"
  resolved "https://registry.yarnpkg.com/abab/-/abab-2.0.3.tgz#623e2075e02eb2d3f2475e49f99c91846467907a"
  integrity sha512-tsFzPpcttalNjFBCFMqsKYQcWxxen1pgJR56by//QwvJc4/OUS3kPOOttx2tSIfjsylB0pYu7f5D3K1RCxUnUg==

abbrev@1:
  version "1.1.1"
  resolved "https://registry.yarnpkg.com/abbrev/-/abbrev-1.1.1.tgz#f8f2c887ad10bf67f634f005b6987fed3179aac8"
  integrity sha512-nne9/IiQ/hzIhY6pdDnbBtz7DjPTKrY00P/zvPSm5pOFkl6xuGrGnXn/VtTNNfNtAfZ9/1RtehkszU9qcTii0Q==

accepts@~1.3.7:
  version "1.3.7"
  resolved "https://registry.yarnpkg.com/accepts/-/accepts-1.3.7.tgz#531bc726517a3b2b41f850021c6cc15eaab507cd"
  integrity sha512-Il80Qs2WjYlJIBNzNkK6KYqlVMTbZLXgHx2oT0pU/fjRHyEp+PEfEPY0R3WCwAGVOtauxh1hOxNgIf5bv7dQpA==
  dependencies:
    mime-types "~2.1.24"
    negotiator "0.6.2"

acorn-globals@^4.1.0:
  version "4.3.4"
  resolved "https://registry.yarnpkg.com/acorn-globals/-/acorn-globals-4.3.4.tgz#9fa1926addc11c97308c4e66d7add0d40c3272e7"
  integrity sha512-clfQEh21R+D0leSbUdWf3OcfqyaCSAQ8Ryq00bofSekfr9W8u1jyYZo6ir0xu9Gtcf7BjcHJpnbZH7JOCpP60A==
  dependencies:
    acorn "^6.0.1"
    acorn-walk "^6.0.1"

acorn-jsx@^5.1.0:
  version "5.1.0"
  resolved "https://registry.yarnpkg.com/acorn-jsx/-/acorn-jsx-5.1.0.tgz#294adb71b57398b0680015f0a38c563ee1db5384"
  integrity sha512-tMUqwBWfLFbJbizRmEcWSLw6HnFzfdJs2sOJEOwwtVPMoH/0Ay+E703oZz78VSXZiiDcZrQ5XKjPIUQixhmgVw==

acorn-walk@^6.0.1:
  version "6.2.0"
  resolved "https://registry.yarnpkg.com/acorn-walk/-/acorn-walk-6.2.0.tgz#123cb8f3b84c2171f1f7fb252615b1c78a6b1a8c"
  integrity sha512-7evsyfH1cLOCdAzZAd43Cic04yKydNx0cF+7tiA19p1XnLLPU4dpCQOqpjqwokFe//vS0QqfqqjCS2JkiIs0cA==

acorn@^5.5.3:
  version "5.7.4"
  resolved "https://registry.yarnpkg.com/acorn/-/acorn-5.7.4.tgz#3e8d8a9947d0599a1796d10225d7432f4a4acf5e"
  integrity sha512-1D++VG7BhrtvQpNbBzovKNc1FLGGEE/oGe7b9xJm/RFHMBeUaUGpluV9RLjZa47YFdPcDAenEYuq9pQPcMdLJg==

acorn@^6.0.1:
  version "6.3.0"
  resolved "https://registry.yarnpkg.com/acorn/-/acorn-6.3.0.tgz#0087509119ffa4fc0a0041d1e93a417e68cb856e"
  integrity sha512-/czfa8BwS88b9gWQVhc8eknunSA2DoJpJyTQkhheIf5E48u1N0R4q/YxxsAeqRrmK9TQ/uYfgLDfZo91UlANIA==

acorn@^7.1.0:
  version "7.1.0"
  resolved "https://registry.yarnpkg.com/acorn/-/acorn-7.1.0.tgz#949d36f2c292535da602283586c2477c57eb2d6c"
  integrity sha512-kL5CuoXA/dgxlBbVrflsflzQ3PAas7RYZB52NOm/6839iVYJgKMJ3cQJD+t2i5+qFa8h3MDpEOJiS64E8JLnSQ==

aggregate-error@^3.0.0:
  version "3.0.1"
  resolved "https://registry.yarnpkg.com/aggregate-error/-/aggregate-error-3.0.1.tgz#db2fe7246e536f40d9b5442a39e117d7dd6a24e0"
  integrity sha512-quoaXsZ9/BLNae5yiNoUz+Nhkwz83GhWwtYFglcjEQB2NDHCIpApbqXxIFnm4Pq/Nvhrsq5sYJFyohrrxnTGAA==
  dependencies:
    clean-stack "^2.0.0"
    indent-string "^4.0.0"

ajv@^6.10.0, ajv@^6.10.2, ajv@^6.5.5:
  version "6.10.2"
  resolved "https://registry.yarnpkg.com/ajv/-/ajv-6.10.2.tgz#d3cea04d6b017b2894ad69040fec8b623eb4bd52"
  integrity sha512-TXtUUEYHuaTEbLZWIKUr5pmBuhDLy+8KYtPYdcV8qC+pOZL+NKqYwvWSRrVXHn+ZmRRAu8vJTAznH7Oag6RVRw==
  dependencies:
    fast-deep-equal "^2.0.1"
    fast-json-stable-stringify "^2.0.0"
    json-schema-traverse "^0.4.1"
    uri-js "^4.2.2"

ansi-align@^2.0.0:
  version "2.0.0"
  resolved "https://registry.yarnpkg.com/ansi-align/-/ansi-align-2.0.0.tgz#c36aeccba563b89ceb556f3690f0b1d9e3547f7f"
  integrity sha1-w2rsy6VjuJzrVW82kPCx2eNUf38=
  dependencies:
    string-width "^2.0.0"

ansi-align@^3.0.0:
  version "3.0.0"
  resolved "https://registry.yarnpkg.com/ansi-align/-/ansi-align-3.0.0.tgz#b536b371cf687caaef236c18d3e21fe3797467cb"
  integrity sha512-ZpClVKqXN3RGBmKibdfWzqCY4lnjEuoNzU5T0oEFpfd/z5qJHVarukridD4juLO2FXMiwUQxr9WqQtaYa8XRYw==
  dependencies:
    string-width "^3.0.0"

ansi-bgblack@^0.1.1:
  version "0.1.1"
  resolved "https://registry.yarnpkg.com/ansi-bgblack/-/ansi-bgblack-0.1.1.tgz#a68ba5007887701b6aafbe3fa0dadfdfa8ee3ca2"
  integrity sha1-poulAHiHcBtqr74/oNrf36juPKI=
  dependencies:
    ansi-wrap "0.1.0"

ansi-bgblue@^0.1.1:
  version "0.1.1"
  resolved "https://registry.yarnpkg.com/ansi-bgblue/-/ansi-bgblue-0.1.1.tgz#67bdc04edc9b9b5278969da196dea3d75c8c3613"
  integrity sha1-Z73ATtybm1J4lp2hlt6j11yMNhM=
  dependencies:
    ansi-wrap "0.1.0"

ansi-bgcyan@^0.1.1:
  version "0.1.1"
  resolved "https://registry.yarnpkg.com/ansi-bgcyan/-/ansi-bgcyan-0.1.1.tgz#58489425600bde9f5507068dd969ebfdb50fe768"
  integrity sha1-WEiUJWAL3p9VBwaN2Wnr/bUP52g=
  dependencies:
    ansi-wrap "0.1.0"

ansi-bggreen@^0.1.1:
  version "0.1.1"
  resolved "https://registry.yarnpkg.com/ansi-bggreen/-/ansi-bggreen-0.1.1.tgz#4e3191248529943f4321e96bf131d1c13816af49"
  integrity sha1-TjGRJIUplD9DIelr8THRwTgWr0k=
  dependencies:
    ansi-wrap "0.1.0"

ansi-bgmagenta@^0.1.1:
  version "0.1.1"
  resolved "https://registry.yarnpkg.com/ansi-bgmagenta/-/ansi-bgmagenta-0.1.1.tgz#9b28432c076eaa999418672a3efbe19391c2c7a1"
  integrity sha1-myhDLAduqpmUGGcqPvvhk5HCx6E=
  dependencies:
    ansi-wrap "0.1.0"

ansi-bgred@^0.1.1:
  version "0.1.1"
  resolved "https://registry.yarnpkg.com/ansi-bgred/-/ansi-bgred-0.1.1.tgz#a76f92838382ba43290a6c1778424f984d6f1041"
  integrity sha1-p2+Sg4OCukMpCmwXeEJPmE1vEEE=
  dependencies:
    ansi-wrap "0.1.0"

ansi-bgwhite@^0.1.1:
  version "0.1.1"
  resolved "https://registry.yarnpkg.com/ansi-bgwhite/-/ansi-bgwhite-0.1.1.tgz#6504651377a58a6ececd0331994e480258e11ba8"
  integrity sha1-ZQRlE3elim7OzQMxmU5IAljhG6g=
  dependencies:
    ansi-wrap "0.1.0"

ansi-bgyellow@^0.1.1:
  version "0.1.1"
  resolved "https://registry.yarnpkg.com/ansi-bgyellow/-/ansi-bgyellow-0.1.1.tgz#c3fe2eb08cd476648029e6874d15a0b38f61d44f"
  integrity sha1-w/4usIzUdmSAKeaHTRWgs49h1E8=
  dependencies:
    ansi-wrap "0.1.0"

ansi-black@^0.1.1:
  version "0.1.1"
  resolved "https://registry.yarnpkg.com/ansi-black/-/ansi-black-0.1.1.tgz#f6185e889360b2545a1ec50c0bf063fc43032453"
  integrity sha1-9hheiJNgslRaHsUMC/Bj/EMDJFM=
  dependencies:
    ansi-wrap "0.1.0"

ansi-blue@^0.1.1:
  version "0.1.1"
  resolved "https://registry.yarnpkg.com/ansi-blue/-/ansi-blue-0.1.1.tgz#15b804990e92fc9ca8c5476ce8f699777c21edbf"
  integrity sha1-FbgEmQ6S/JyoxUds6PaZd3wh7b8=
  dependencies:
    ansi-wrap "0.1.0"

ansi-bold@^0.1.1:
  version "0.1.1"
  resolved "https://registry.yarnpkg.com/ansi-bold/-/ansi-bold-0.1.1.tgz#3e63950af5acc2ae2e670e6f67deb115d1a5f505"
  integrity sha1-PmOVCvWswq4uZw5vZ96xFdGl9QU=
  dependencies:
    ansi-wrap "0.1.0"

ansi-colors@^0.2.0:
  version "0.2.0"
  resolved "https://registry.yarnpkg.com/ansi-colors/-/ansi-colors-0.2.0.tgz#72c31de2a0d9a2ccd0cac30cc9823eeb2f6434b5"
  integrity sha1-csMd4qDZoszQysMMyYI+6y9kNLU=
  dependencies:
    ansi-bgblack "^0.1.1"
    ansi-bgblue "^0.1.1"
    ansi-bgcyan "^0.1.1"
    ansi-bggreen "^0.1.1"
    ansi-bgmagenta "^0.1.1"
    ansi-bgred "^0.1.1"
    ansi-bgwhite "^0.1.1"
    ansi-bgyellow "^0.1.1"
    ansi-black "^0.1.1"
    ansi-blue "^0.1.1"
    ansi-bold "^0.1.1"
    ansi-cyan "^0.1.1"
    ansi-dim "^0.1.1"
    ansi-gray "^0.1.1"
    ansi-green "^0.1.1"
    ansi-grey "^0.1.1"
    ansi-hidden "^0.1.1"
    ansi-inverse "^0.1.1"
    ansi-italic "^0.1.1"
    ansi-magenta "^0.1.1"
    ansi-red "^0.1.1"
    ansi-reset "^0.1.1"
    ansi-strikethrough "^0.1.1"
    ansi-underline "^0.1.1"
    ansi-white "^0.1.1"
    ansi-yellow "^0.1.1"
    lazy-cache "^2.0.1"

ansi-cyan@^0.1.1:
  version "0.1.1"
  resolved "https://registry.yarnpkg.com/ansi-cyan/-/ansi-cyan-0.1.1.tgz#538ae528af8982f28ae30d86f2f17456d2609873"
  integrity sha1-U4rlKK+JgvKK4w2G8vF0VtJgmHM=
  dependencies:
    ansi-wrap "0.1.0"

ansi-dim@^0.1.1:
  version "0.1.1"
  resolved "https://registry.yarnpkg.com/ansi-dim/-/ansi-dim-0.1.1.tgz#40de4c603aa8086d8e7a86b8ff998d5c36eefd6c"
  integrity sha1-QN5MYDqoCG2Oeoa4/5mNXDbu/Ww=
  dependencies:
    ansi-wrap "0.1.0"

ansi-escapes@^3.0.0:
  version "3.2.0"
  resolved "https://registry.yarnpkg.com/ansi-escapes/-/ansi-escapes-3.2.0.tgz#8780b98ff9dbf5638152d1f1fe5c1d7b4442976b"
  integrity sha512-cBhpre4ma+U0T1oM5fXg7Dy1Jw7zzwv7lt/GoCpr+hDQJoYnKVPLL4dCvSEFMmQurOQvSrwT7SL/DAlhBI97RQ==

ansi-escapes@^4.2.1:
  version "4.2.1"
  resolved "https://registry.yarnpkg.com/ansi-escapes/-/ansi-escapes-4.2.1.tgz#4dccdb846c3eee10f6d64dea66273eab90c37228"
  integrity sha512-Cg3ymMAdN10wOk/VYfLV7KCQyv7EDirJ64500sU7n9UlmioEtDuU5Gd+hj73hXSU/ex7tHJSssmyftDdkMLO8Q==
  dependencies:
    type-fest "^0.5.2"

ansi-gray@^0.1.1:
  version "0.1.1"
  resolved "https://registry.yarnpkg.com/ansi-gray/-/ansi-gray-0.1.1.tgz#2962cf54ec9792c48510a3deb524436861ef7251"
  integrity sha1-KWLPVOyXksSFEKPetSRDaGHvclE=
  dependencies:
    ansi-wrap "0.1.0"

ansi-green@^0.1.1:
  version "0.1.1"
  resolved "https://registry.yarnpkg.com/ansi-green/-/ansi-green-0.1.1.tgz#8a5d9a979e458d57c40e33580b37390b8e10d0f7"
  integrity sha1-il2al55FjVfEDjNYCzc5C44Q0Pc=
  dependencies:
    ansi-wrap "0.1.0"

ansi-grey@^0.1.1:
  version "0.1.1"
  resolved "https://registry.yarnpkg.com/ansi-grey/-/ansi-grey-0.1.1.tgz#59d98b6ac2ba19f8a51798e9853fba78339a33c1"
  integrity sha1-WdmLasK6GfilF5jphT+6eDOaM8E=
  dependencies:
    ansi-wrap "0.1.0"

ansi-hidden@^0.1.1:
  version "0.1.1"
  resolved "https://registry.yarnpkg.com/ansi-hidden/-/ansi-hidden-0.1.1.tgz#ed6a4c498d2bb7cbb289dbf2a8d1dcc8567fae0f"
  integrity sha1-7WpMSY0rt8uyidvyqNHcyFZ/rg8=
  dependencies:
    ansi-wrap "0.1.0"

ansi-inverse@^0.1.1:
  version "0.1.1"
  resolved "https://registry.yarnpkg.com/ansi-inverse/-/ansi-inverse-0.1.1.tgz#b6af45826fe826bfb528a6c79885794355ccd269"
  integrity sha1-tq9Fgm/oJr+1KKbHmIV5Q1XM0mk=
  dependencies:
    ansi-wrap "0.1.0"

ansi-italic@^0.1.1:
  version "0.1.1"
  resolved "https://registry.yarnpkg.com/ansi-italic/-/ansi-italic-0.1.1.tgz#104743463f625c142a036739cf85eda688986f23"
  integrity sha1-EEdDRj9iXBQqA2c5z4XtpoiYbyM=
  dependencies:
    ansi-wrap "0.1.0"

ansi-magenta@^0.1.1:
  version "0.1.1"
  resolved "https://registry.yarnpkg.com/ansi-magenta/-/ansi-magenta-0.1.1.tgz#063b5ba16fb3f23e1cfda2b07c0a89de11e430ae"
  integrity sha1-BjtboW+z8j4c/aKwfAqJ3hHkMK4=
  dependencies:
    ansi-wrap "0.1.0"

ansi-red@^0.1.1:
  version "0.1.1"
  resolved "https://registry.yarnpkg.com/ansi-red/-/ansi-red-0.1.1.tgz#8c638f9d1080800a353c9c28c8a81ca4705d946c"
  integrity sha1-jGOPnRCAgAo1PJwoyKgcpHBdlGw=
  dependencies:
    ansi-wrap "0.1.0"

ansi-regex@^2.0.0:
  version "2.1.1"
  resolved "https://registry.yarnpkg.com/ansi-regex/-/ansi-regex-2.1.1.tgz#c3b33ab5ee360d86e0e628f0468ae7ef27d654df"
  integrity sha1-w7M6te42DYbg5ijwRorn7yfWVN8=

ansi-regex@^3.0.0:
  version "3.0.0"
  resolved "https://registry.yarnpkg.com/ansi-regex/-/ansi-regex-3.0.0.tgz#ed0317c322064f79466c02966bddb605ab37d998"
  integrity sha1-7QMXwyIGT3lGbAKWa922Bas32Zg=

ansi-regex@^4.0.0, ansi-regex@^4.1.0:
  version "4.1.0"
  resolved "https://registry.yarnpkg.com/ansi-regex/-/ansi-regex-4.1.0.tgz#8b9f8f08cf1acb843756a839ca8c7e3168c51997"
  integrity sha512-1apePfXM1UOSqw0o9IiFAovVz9M5S1Dg+4TrDwfMewQ6p/rmMueb7tWZjQ1rx4Loy1ArBggoqGpfqqdI4rondg==

ansi-regex@^5.0.0:
  version "5.0.0"
  resolved "https://registry.yarnpkg.com/ansi-regex/-/ansi-regex-5.0.0.tgz#388539f55179bf39339c81af30a654d69f87cb75"
  integrity sha512-bY6fj56OUQ0hU1KjFNDQuJFezqKdrAyFdIevADiqrWHwSlbmBNMHp5ak2f40Pm8JTFyM2mqxkG6ngkHO11f/lg==

ansi-reset@^0.1.1:
  version "0.1.1"
  resolved "https://registry.yarnpkg.com/ansi-reset/-/ansi-reset-0.1.1.tgz#e7e71292c3c7ddcd4d62ef4a6c7c05980911c3b7"
  integrity sha1-5+cSksPH3c1NYu9KbHwFmAkRw7c=
  dependencies:
    ansi-wrap "0.1.0"

ansi-strikethrough@^0.1.1:
  version "0.1.1"
  resolved "https://registry.yarnpkg.com/ansi-strikethrough/-/ansi-strikethrough-0.1.1.tgz#d84877140b2cff07d1c93ebce69904f68885e568"
  integrity sha1-2Eh3FAss/wfRyT685pkE9oiF5Wg=
  dependencies:
    ansi-wrap "0.1.0"

ansi-styles@^3.2.0, ansi-styles@^3.2.1:
  version "3.2.1"
  resolved "https://registry.yarnpkg.com/ansi-styles/-/ansi-styles-3.2.1.tgz#41fbb20243e50b12be0f04b8dedbf07520ce841d"
  integrity sha512-VT0ZI6kZRdTh8YyJw3SMbYm/u+NqfsAxEpWO0Pf9sq8/e94WxxOpPKx9FR1FlyCtOVDNOQ+8ntlqFxiRc+r5qA==
  dependencies:
    color-convert "^1.9.0"

ansi-underline@^0.1.1:
  version "0.1.1"
  resolved "https://registry.yarnpkg.com/ansi-underline/-/ansi-underline-0.1.1.tgz#dfc920f4c97b5977ea162df8ffb988308aaa71a4"
  integrity sha1-38kg9Ml7WXfqFi34/7mIMIqqcaQ=
  dependencies:
    ansi-wrap "0.1.0"

ansi-white@^0.1.1:
  version "0.1.1"
  resolved "https://registry.yarnpkg.com/ansi-white/-/ansi-white-0.1.1.tgz#9c77b7c193c5ee992e6011d36ec4c921b4578944"
  integrity sha1-nHe3wZPF7pkuYBHTbsTJIbRXiUQ=
  dependencies:
    ansi-wrap "0.1.0"

ansi-wrap@0.1.0:
  version "0.1.0"
  resolved "https://registry.yarnpkg.com/ansi-wrap/-/ansi-wrap-0.1.0.tgz#a82250ddb0015e9a27ca82e82ea603bbfa45efaf"
  integrity sha1-qCJQ3bABXponyoLoLqYDu/pF768=

ansi-yellow@^0.1.1:
  version "0.1.1"
  resolved "https://registry.yarnpkg.com/ansi-yellow/-/ansi-yellow-0.1.1.tgz#cb9356f2f46c732f0e3199e6102955a77da83c1d"
  integrity sha1-y5NW8vRscy8OMZnmEClVp32oPB0=
  dependencies:
    ansi-wrap "0.1.0"

anymatch@^2.0.0:
  version "2.0.0"
  resolved "https://registry.yarnpkg.com/anymatch/-/anymatch-2.0.0.tgz#bcb24b4f37934d9aa7ac17b4adaf89e7c76ef2eb"
  integrity sha512-5teOsQWABXHHBFP9y3skS5P3d/WfWXpv3FUpy+LorMrNYaT9pI4oLMQX7jzQ2KklNpGpWHzdCXTDT2Y3XGlZBw==
  dependencies:
    micromatch "^3.1.4"
    normalize-path "^2.1.1"

append-query@^2.1.0:
  version "2.1.0"
  resolved "https://registry.yarnpkg.com/append-query/-/append-query-2.1.0.tgz#c3392d2ddf8c70d3f582a14b051b12333da540bf"
  integrity sha512-v9YXX6No91QkRA31IvTjl+1kFU+A0DaOzZpCNR7Q/ZoPSXlo5a4W2eS0qos6AKvCKL4MnNna78xgqIG8NRvQwg==
  dependencies:
    extend "^2.0.0"

aproba@^1.0.3:
  version "1.2.0"
  resolved "https://registry.yarnpkg.com/aproba/-/aproba-1.2.0.tgz#6802e6264efd18c790a1b0d517f0f2627bf2c94a"
  integrity sha512-Y9J6ZjXtoYh8RnXVCMOU/ttDmk1aBjunq9vO0ta5x85WDQiQfUF9sIPBITdbiiIVcBo03Hi3jMxigBtsddlXRw==

are-we-there-yet@~1.1.2:
  version "1.1.5"
  resolved "https://registry.yarnpkg.com/are-we-there-yet/-/are-we-there-yet-1.1.5.tgz#4b35c2944f062a8bfcda66410760350fe9ddfc21"
  integrity sha512-5hYdAkZlcG8tOLujVDTgCT+uPX0VnpAH28gWsLfzpXYm7wP6mp5Q/gYyR7YQ0cKVJcXJnl3j2kpBan13PtQf6w==
  dependencies:
    delegates "^1.0.0"
    readable-stream "^2.0.6"

arg@^4.1.1:
  version "4.1.1"
  resolved "https://registry.yarnpkg.com/arg/-/arg-4.1.1.tgz#485f8e7c390ce4c5f78257dbea80d4be11feda4c"
  integrity sha512-SlmP3fEA88MBv0PypnXZ8ZfJhwmDeIE3SP71j37AiXQBXYosPV0x6uISAaHYSlSVhmHOVkomen0tbGk6Anlebw==

argparse@^1.0.7:
  version "1.0.10"
  resolved "https://registry.yarnpkg.com/argparse/-/argparse-1.0.10.tgz#bcd6791ea5ae09725e17e5ad988134cd40b3d911"
  integrity sha512-o5Roy6tNG4SL/FOkCAN6RzjiakZS25RLYFrcMttJqbdd8BWrnA+fGz57iN5Pb06pvBGvl5gQ0B48dJlslXvoTg==
  dependencies:
    sprintf-js "~1.0.2"

arr-diff@^4.0.0:
  version "4.0.0"
  resolved "https://registry.yarnpkg.com/arr-diff/-/arr-diff-4.0.0.tgz#d6461074febfec71e7e15235761a329a5dc7c520"
  integrity sha1-1kYQdP6/7HHn4VI1dhoyml3HxSA=

arr-flatten@^1.1.0:
  version "1.1.0"
  resolved "https://registry.yarnpkg.com/arr-flatten/-/arr-flatten-1.1.0.tgz#36048bbff4e7b47e136644316c99669ea5ae91f1"
  integrity sha512-L3hKV5R/p5o81R7O02IGnwpDmkp6E982XhtbuwSe3O4qOtMMMtodicASA1Cny2U+aCXcNpml+m4dPsvsJ3jatg==

arr-swap@^1.0.1:
  version "1.0.1"
  resolved "https://registry.yarnpkg.com/arr-swap/-/arr-swap-1.0.1.tgz#147590ed65fc815bc07fef0997c2e5823d643534"
  integrity sha1-FHWQ7WX8gVvAf+8Jl8Llgj1kNTQ=
  dependencies:
    is-number "^3.0.0"

arr-union@^3.1.0:
  version "3.1.0"
  resolved "https://registry.yarnpkg.com/arr-union/-/arr-union-3.1.0.tgz#e39b09aea9def866a8f206e288af63919bae39c4"
  integrity sha1-45sJrqne+Gao8gbiiK9jkZuuOcQ=

array-equal@^1.0.0:
  version "1.0.0"
  resolved "https://registry.yarnpkg.com/array-equal/-/array-equal-1.0.0.tgz#8c2a5ef2472fd9ea742b04c77a75093ba2757c93"
  integrity sha1-jCpe8kcv2ep0KwTHenUJO6J1fJM=

array-flatten@1.1.1:
  version "1.1.1"
  resolved "https://registry.yarnpkg.com/array-flatten/-/array-flatten-1.1.1.tgz#9a5f699051b1e7073328f2a008968b64ea2955d2"
  integrity sha1-ml9pkFGx5wczKPKgCJaLZOopVdI=

array-unique@^0.3.2:
  version "0.3.2"
  resolved "https://registry.yarnpkg.com/array-unique/-/array-unique-0.3.2.tgz#a894b75d4bc4f6cd679ef3244a9fd8f46ae2d428"
  integrity sha1-qJS3XUvE9s1nnvMkSp/Y9Gri1Cg=

asn1@~0.2.3:
  version "0.2.4"
  resolved "https://registry.yarnpkg.com/asn1/-/asn1-0.2.4.tgz#8d2475dfab553bb33e77b54e59e880bb8ce23136"
  integrity sha512-jxwzQpLQjSmWXgwaCZE9Nz+glAG01yF1QnWgbhGwHI5A6FRIEY6IVqtHhIepHqI7/kyEyQEagBC5mBEFlIYvdg==
  dependencies:
    safer-buffer "~2.1.0"

assert-plus@1.0.0, assert-plus@^1.0.0:
  version "1.0.0"
  resolved "https://registry.yarnpkg.com/assert-plus/-/assert-plus-1.0.0.tgz#f12e0f3c5d77b0b1cdd9146942e4e96c1e4dd525"
  integrity sha1-8S4PPF13sLHN2RRpQuTpbB5N1SU=

assign-symbols@^1.0.0:
  version "1.0.0"
  resolved "https://registry.yarnpkg.com/assign-symbols/-/assign-symbols-1.0.0.tgz#59667f41fadd4f20ccbc2bb96b8d4f7f78ec0367"
  integrity sha1-WWZ/QfrdTyDMvCu5a41Pf3jsA2c=

astral-regex@^1.0.0:
  version "1.0.0"
  resolved "https://registry.yarnpkg.com/astral-regex/-/astral-regex-1.0.0.tgz#6c8c3fb827dd43ee3918f27b82782ab7658a6fd9"
  integrity sha512-+Ryf6g3BKoRc7jfp7ad8tM4TtMiaWvbF/1/sQcZPkkS7ag3D5nMBCe2UfOTONtAkaG0tO0ij3C5Lwmf1EiyjHg==

async-each@^1.0.1:
  version "1.0.3"
  resolved "https://registry.yarnpkg.com/async-each/-/async-each-1.0.3.tgz#b727dbf87d7651602f06f4d4ac387f47d91b0cbf"
  integrity sha512-z/WhQ5FPySLdvREByI2vZiTWwCnF0moMJ1hK9YQwDTHKh6I7/uSckMetoRGb5UBZPC1z0jlw+n/XCgjeH7y1AQ==

async-limiter@~1.0.0:
  version "1.0.1"
  resolved "https://registry.yarnpkg.com/async-limiter/-/async-limiter-1.0.1.tgz#dd379e94f0db8310b08291f9d64c3209766617fd"